Microsoft Visual Studio Solution File, Format Version 12.00
# Visual Studio Version 17
VisualStudioVersion = 17.5.2.0
MinimumVisualStudioVersion = 10.0.40219.1
Project("{2150E333-8FDC-42A3-9474-1A3956D46DE8}") = ".Net", ".Net", "{79120BB5-7395-B9EE-4BB5-58082D0F308B}"
EndProject
Project("{FAE04EC0-301F-11D3-BF4B-00C04F79EFBC}") = "MemoryGameBackend", ".Net\MemoryGameBackend\MemoryGameBackend.csproj", "{9487A8B3-3E92-412B-E2AE-43A03D68A1B4}"
EndProject
Global
	GlobalSection(SolutionConfigurationPlatforms) = preSolution
		Debug|Any CPU = Debug|Any CPU
		Release|Any CPU = Release|Any CPU
	EndGlobalSection
	GlobalSection(ProjectConfigurationPlatforms) = postSolution
		{9487A8B3-3E92-412B-E2AE-43A03D68A1B4}.Debug|Any CPU.ActiveCfg = Debug|Any CPU
		{9487A8B3-3E92-412B-E2AE-43A03D68A1B4}.Debug|Any CPU.Build.0 = Debug|Any CPU
		{9487A8B3-3E92-412B-E2AE-43A03D68A1B4}.Release|Any CPU.ActiveCfg = Release|Any CPU
		{9487A8B3-3E92-412B-E2AE-43A03D68A1B4}.Release|Any CPU.Build.0 = Release|Any CPU
	EndGlobalSection
	GlobalSection(SolutionProperties) = preSolution
		HideSolutionNode = FALSE
	EndGlobalSection
	GlobalSection(NestedProjects) = preSolution
		{9487A8B3-3E92-412B-E2AE-43A03D68A1B4} = {79120BB5-7395-B9EE-4BB5-58082D0F308B}
	EndGlobalSection
	GlobalSection(ExtensibilityGlobals) = postSolution
		SolutionGuid = {1615884A-742A-4BF6-8296-38E87C7A0558}
	EndGlobalSection
EndGlobal
